github.com/ncruces/julianday v1.0.0 h1:fH0OKwa7NWvniGQtxdJRxAgkBMolni2BjDHaWTxqt7M=
github.com/ncruces/julianday v1.0.0/go.mod h1:Dusn2KvZrrovOMJuOt0TNXL6tB7U2E8kvza5fFc9G7g=
github.com/psanford/httpreadat v0.1.0 h1:VleW1HS2zO7/4c7c7zNl33fO6oYACSagjJIyMIwZLUE=
github.com/psanford/httpreadat v0.1.0/go.mod h1:Zg7P+TlBm3bYbyHTKv/EdtSJZn3qwbPwpfZ/I9GKCRE=
github.com/tetratelabs/wazero v1.5.0 h1:Yz3fZHivfDiZFUXnWMPUoiW7s8tC1sjdBtlJn08qYa0=
github.com/tetratelabs/wazero v1.5.0/go.mod h1:0U0G41+ochRKoPKCJlh0jMg1CHkyfK8kDqiirMmKY8A=
golang.org/x/sync v0.4.0 h1:zxkM55ReGkDlKSM+Fu41A+zmbZuaPVbGMzvvdUPznYQ=
golang.org/x/sync v0.4.0/go.mod h1:FU7BRWz2tNW+3quACPkgCx/L+uEAv1htQ0V83Z9Rj+Y=
golang.org/x/sys v0.13.0 h1:Af8nKPmuFypiUBjVoU9V20FiaFXOcuZI21p0ycVYYGE=
golang.org/x/sys v0.13.0/go.mod h1:oPkhp1MJrh7nUepCBck5+mAzfO9JrbApNNgaTdGDITg=
golang.org/x/text v0.13.0 h1:ablQoSUd0tRdKxZewP80B+BaqeKJuVhuRxj/dkrun3k=
golang.org/x/text v0.13.0/go.mod h1:TvPlkZtksWOMsz7fbANvkp4WM8x/WCo/om8BMLbz+aE=
