github.com/dchest/siphash v1.2.3 h1:QXwFc8cFOR2dSa/gE6o/HokBMWtLUaNDVd+22aKHeEA=
github.com/dchest/siphash v1.2.3/go.mod h1:0NvQU092bT0ipiFN++/rXm69QG9tVxLAlQHIXMPAkHc=
github.com/google/uuid v1.6.0 h1:NIvaJDMOsjHA8n1jAhLSgzrAzy1Hgr+hNrb57e+94F0=
github.com/google/uuid v1.6.0/go.mod h1:TIyPZe4MgqvfeYDBFedMoGGpEw/LqOeaOT+nhxU+yHo=
github.com/ncruces/go-sqlite3-wasm v1.1.1-0.20260409221933-87e4b35a38d0 h1:ymE9H30x1AyW5VfMNkJC9teuI2W1jjMsQS7kc6zl6Tg=
github.com/ncruces/go-sqlite3-wasm v1.1.1-0.20260409221933-87e4b35a38d0/go.mod h1:/H3+JykPsfSlvKbOxNSx9kKwm3ecqQGzyCs1e9KkNsU=
github.com/ncruces/julianday v1.0.0 h1:fH0OKwa7NWvniGQtxdJRxAgkBMolni2BjDHaWTxqt7M=
github.com/ncruces/julianday v1.0.0/go.mod h1:Dusn2KvZrrovOMJuOt0TNXL6tB7U2E8kvza5fFc9G7g=
github.com/ncruces/sort v0.1.6 h1:TrsJfGRH1AoWoaeB4/+gCohot9+cA6u/INaH5agIhNk=
github.com/ncruces/sort v0.1.6/go.mod h1:obJToO4rYr6VWP0Uw5FYymgYGt3Br4RXcs/JdKaXAPk=
github.com/ncruces/wbt v1.0.0 h1:8iBE7UPjTLUpzu3/FCRjAmuQjWzgxo10RGBgt3ooLSc=
github.com/ncruces/wbt v1.0.0/go.mod h1:DtF92amvMxH69EmBFUSFWRDAlo6hOEfoNQnClxj9C/c=
github.com/psanford/httpreadat v0.1.0 h1:VleW1HS2zO7/4c7c7zNl33fO6oYACSagjJIyMIwZLUE=
github.com/psanford/httpreadat v0.1.0/go.mod h1:Zg7P+TlBm3bYbyHTKv/EdtSJZn3qwbPwpfZ/I9GKCRE=
golang.org/x/crypto v0.50.0 h1:zO47/JPrL6vsNkINmLoo/PH1gcxpls50DNogFvB5ZGI=
golang.org/x/crypto v0.50.0/go.mod h1:3muZ7vA7PBCE6xgPX7nkzzjiUq87kRItoJQM1Yo8S+Q=
golang.org/x/sync v0.20.0 h1:e0PTpb7pjO8GAtTs2dQ6jYa5BWYlMuX047Dco/pItO4=
golang.org/x/sync v0.20.0/go.mod h1:9xrNwdLfx4jkKbNva9FpL6vEN7evnE43NNNJQ2LF3+0=
golang.org/x/sys v0.43.0 h1:Rlag2XtaFTxp19wS8MXlJwTvoh8ArU6ezoyFsMyCTNI=
golang.org/x/sys v0.43.0/go.mod h1:4GL1E5IUh+htKOUEOaiffhrAeqysfVGipDYzABqnCmw=
golang.org/x/text v0.36.0 h1:JfKh3XmcRPqZPKevfXVpI1wXPTqbkE5f7JA92a55Yxg=
golang.org/x/text v0.36.0/go.mod h1:NIdBknypM8iqVmPiuco0Dh6P5Jcdk8lJL0CUebqK164=
lukechampine.com/adiantum v1.1.1 h1:4fp6gTxWCqpEbLy40ExiYDDED3oUNWx5cTqBCtPdZqA=
lukechampine.com/adiantum v1.1.1/go.mod h1:LrAYVnTYLnUtE/yMp5bQr0HstAf060YUF8nM0B6+rUw=
