github.com/dchest/siphash v1.2.3 h1:QXwFc8cFOR2dSa/gE6o/HokBMWtLUaNDVd+22aKHeEA=
github.com/dchest/siphash v1.2.3/go.mod h1:0NvQU092bT0ipiFN++/rXm69QG9tVxLAlQHIXMPAkHc=
github.com/google/uuid v1.6.0 h1:NIvaJDMOsjHA8n1jAhLSgzrAzy1Hgr+hNrb57e+94F0=
github.com/google/uuid v1.6.0/go.mod h1:TIyPZe4MgqvfeYDBFedMoGGpEw/LqOeaOT+nhxU+yHo=
github.com/ncruces/go-sqlite3-wasm/v3 v3.0.35303-0.20260608094803-e16536efb9dc h1:rERx6R19XjRPF6LWou0KpsEPE5OkyQtZQwTMU7t8TBA=
github.com/ncruces/go-sqlite3-wasm/v3 v3.0.35303-0.20260608094803-e16536efb9dc/go.mod h1:WwFR2jWecdTSNSADwPfY34FeZ6OJIpDEzi6QZAoXd4w=
github.com/ncruces/julianday v1.0.0 h1:fH0OKwa7NWvniGQtxdJRxAgkBMolni2BjDHaWTxqt7M=
github.com/ncruces/julianday v1.0.0/go.mod h1:Dusn2KvZrrovOMJuOt0TNXL6tB7U2E8kvza5fFc9G7g=
github.com/ncruces/sort v1.0.0 h1:tXeitUzE3B8I2z+rsqbKUBThBlJJ34glqCDP0XReJmk=
github.com/ncruces/sort v1.0.0/go.mod h1:obJToO4rYr6VWP0Uw5FYymgYGt3Br4RXcs/JdKaXAPk=
github.com/ncruces/wbt v1.0.0 h1:8iBE7UPjTLUpzu3/FCRjAmuQjWzgxo10RGBgt3ooLSc=
github.com/ncruces/wbt v1.0.0/go.mod h1:DtF92amvMxH69EmBFUSFWRDAlo6hOEfoNQnClxj9C/c=
github.com/psanford/httpreadat v0.1.0 h1:VleW1HS2zO7/4c7c7zNl33fO6oYACSagjJIyMIwZLUE=
github.com/psanford/httpreadat v0.1.0/go.mod h1:Zg7P+TlBm3bYbyHTKv/EdtSJZn3qwbPwpfZ/I9GKCRE=
golang.org/x/crypto v0.52.0 h1:RMs7fP2rXdep0CftQlK8Uf+kibLm7qkCcradZWYz988=
golang.org/x/crypto v0.52.0/go.mod h1:1QgfPxDqh0T2M/elOJtp9RvuR95kVjir0e6/BvEmGbc=
golang.org/x/sync v0.21.0 h1:HLII4xRRTtCRkxYp4HNFF0Js/Og6q2i++KXbg0gHCwM=
golang.org/x/sync v0.21.0/go.mod h1:9xrNwdLfx4jkKbNva9FpL6vEN7evnE43NNNJQ2LF3+0=
golang.org/x/sys v0.45.0 h1:dO4czNzziLiiXplLQgBCEpCvXQ3dnkn0SdaZSYdQ+FY=
golang.org/x/sys v0.45.0/go.mod h1:4GL1E5IUh+htKOUEOaiffhrAeqysfVGipDYzABqnCmw=
golang.org/x/text v0.37.0 h1:Cqjiwd9eSg8e0QAkyCaQTNHFIIzWtidPahFWR83rTrc=
golang.org/x/text v0.37.0/go.mod h1:a5sjxXGs9hsn/AJVwuElvCAo9v8QYLzvavO5z2PiM38=
lukechampine.com/adiantum v1.1.1 h1:4fp6gTxWCqpEbLy40ExiYDDED3oUNWx5cTqBCtPdZqA=
lukechampine.com/adiantum v1.1.1/go.mod h1:LrAYVnTYLnUtE/yMp5bQr0HstAf060YUF8nM0B6+rUw=
