github.com/jinzhu/inflection v1.0.0 h1:K317FqzuhWc8YvSVlFMCCUb36O/S9MCKRDI7QkRKD/E=
github.com/jinzhu/inflection v1.0.0/go.mod h1:h+uFLlag+Qp1Va5pdKtLDYj+kHp5pxUVkryuEj+Srlc=
github.com/jinzhu/now v1.1.5 h1:/o9tlHleP7gOFmsnYNz3RGnqzefHA47wQpKrrdTIwXQ=
github.com/jinzhu/now v1.1.5/go.mod h1:d3SSVoowX0Lcu0IBviAWJpolVfI5UJVZZ7cO71lE/z8=
github.com/ncruces/go-sqlite3 v0.34.2 h1:+B50kRdn2BfMTSoRbkgnNaIolxIq1qS6lhcXyvNe230=
github.com/ncruces/go-sqlite3 v0.34.2/go.mod h1:ZUqB9w9k4ACD7X5YeISBY05glvkgTur3dwhoDFGASK4=
github.com/ncruces/go-sqlite3-wasm/v2 v2.4.35301 h1:xGFgiIf1SS4yTqyuW3cSR6hd9KRlUFzVloJ873AyrxU=
github.com/ncruces/go-sqlite3-wasm/v2 v2.4.35301/go.mod h1:7dV8P4xml/vrgb/zKfJaZ5aas5el3VyBR28XkpBq5NM=
github.com/ncruces/julianday v1.0.0 h1:fH0OKwa7NWvniGQtxdJRxAgkBMolni2BjDHaWTxqt7M=
github.com/ncruces/julianday v1.0.0/go.mod h1:Dusn2KvZrrovOMJuOt0TNXL6tB7U2E8kvza5fFc9G7g=
golang.org/x/sys v0.45.0 h1:dO4czNzziLiiXplLQgBCEpCvXQ3dnkn0SdaZSYdQ+FY=
golang.org/x/sys v0.45.0/go.mod h1:4GL1E5IUh+htKOUEOaiffhrAeqysfVGipDYzABqnCmw=
golang.org/x/text v0.37.0 h1:Cqjiwd9eSg8e0QAkyCaQTNHFIIzWtidPahFWR83rTrc=
golang.org/x/text v0.37.0/go.mod h1:a5sjxXGs9hsn/AJVwuElvCAo9v8QYLzvavO5z2PiM38=
gorm.io/gorm v1.31.1 h1:7CA8FTFz/gRfgqgpeKIBcervUn3xSyPUmr6B2WXJ7kg=
gorm.io/gorm v1.31.1/go.mod h1:XyQVbO2k6YkOis7C2437jSit3SsDK72s7n7rsSHd+Gs=
