github.com/ncruces/go-sqlite3 v0.25.0 h1:trugKUs98Zwy9KwRr/EUxZHL92LYt7UqcKqAfpGpK+I=
github.com/ncruces/go-sqlite3 v0.25.0/go.mod h1:n6Z7036yFilJx04yV0mi5JWaF66rUmXn1It9Ux8dx68=
github.com/ncruces/julianday v1.0.0 h1:fH0OKwa7NWvniGQtxdJRxAgkBMolni2BjDHaWTxqt7M=
github.com/ncruces/julianday v1.0.0/go.mod h1:Dusn2KvZrrovOMJuOt0TNXL6tB7U2E8kvza5fFc9G7g=
github.com/ncruces/sort v0.1.5 h1:fiFWXXAqKI8QckPf/6hu/bGFwcEPrirIOFaJqWujs4k=
github.com/ncruces/sort v0.1.5/go.mod h1:obJToO4rYr6VWP0Uw5FYymgYGt3Br4RXcs/JdKaXAPk=
github.com/tetratelabs/wazero v1.9.0 h1:IcZ56OuxrtaEz8UYNRHBrUa9bYeX9oVY93KspZZBf/I=
github.com/tetratelabs/wazero v1.9.0/go.mod h1:TSbcXCfFP0L2FGkRPxHphadXPjo1T6W+CseNNY7EkjM=
golang.org/x/sys v0.32.0 h1:s77OFDvIQeibCmezSnk/q6iAfkdiQaJi4VzroCFrN20=
golang.org/x/sys v0.32.0/go.mod h1:BJP2sWEmIv4KK5OTEluFJCKSidICx8ciO85XgH3Ak8k=
golang.org/x/text v0.23.0 h1:D71I7dUrlY+VX0gQShAThNGHFxZ13dGLBHQLVl1mJlY=
golang.org/x/text v0.23.0/go.mod h1:/BLNzu4aZCJ1+kcD0DNRotWKage4q2rGVAg4o22unh4=
